{
  "name": "z3r-patch",
  "version": "1.0.3",
  "lockfileVersion": 3,
  "requires": true,
  "packages": {
    "": {
      "name": "z3r-patch",
      "version": "1.0.3",
      "license": "MIT",
      "dependencies": {
        "@maseya/z3pr": "^1.0.1",
        "bps": "^2.0.1",
        "center-align": "^1.0.1"
      },
      "engines": {
        "node": ">=18.0.0"
      }
    },
    "node_modules/@maseya/z3pr": {
      "version": "1.0.1",
      "resolved": "https://registry.npmjs.org/@maseya/z3pr/-/z3pr-1.0.1.tgz",
      "integrity": "sha512-UvBWKCYUKIEmnz7qxq/racrk97r8I6Pmekb2qBMewoA1XyyABpivqqPtZMCJqbtcMklJwBnJtl/kmezq7dOYpw==",
      "dependencies": {
        "lodash": "^4.17.20"
      }
    },
    "node_modules/align-text": {
      "version": "1.0.2",
      "resolved": "https://registry.npmjs.org/align-text/-/align-text-1.0.2.tgz",
      "integrity": "sha512-uBPDs72zrRTdiTBY0YjBbuBOdXtRyT4qsKPb4bL4O7vH4utz/7KjwTJVsVbdThxMbVzkRGAfk8Ml3xoMvXSEYw==",
      "license": "MIT",
      "dependencies": {
        "kind-of": "^5.0.2",
        "longest": "^2.0.1",
        "repeat-string": "^1.6.1"
      },
      "engines": {
        "node": ">=0.10.0"
      }
    },
    "node_modules/bps": {
      "version": "2.0.1",
      "resolved": "https://registry.npmjs.org/bps/-/bps-2.0.1.tgz",
      "integrity": "sha512-fQOQ15g9iOXnDzeXpwYwBVpvoNxwgIz3cxrdYY7/Ebcfa1MimSwW2uD9L5B9ChK5JPykvLRhOBb2zjnvj+toBw==",
      "license": "MIT",
      "dependencies": {
        "chalk-template": "1.1.0",
        "commander": "12.0.0",
        "crc-32": "1.2.2",
        "fs-extra": "11.2.0"
      },
      "bin": {
        "bps": "bps.cli.js"
      },
      "engines": {
        "node": ">=18.0.0"
      }
    },
    "node_modules/center-align": {
      "version": "1.0.1",
      "resolved": "https://registry.npmjs.org/center-align/-/center-align-1.0.1.tgz",
      "integrity": "sha512-j6Ba1Vwtu0i9CUfM5VicnMqOsNRMYnNAoTUTB/EzUFhBKkqFPD5UE2WTCSIy49OnbjTEnJ0t2CFPYMbKNrUi/A==",
      "license": "MIT",
      "dependencies": {
        "align-text": "^1.0.0",
        "repeat-string": "^1.6.1"
      },
      "engines": {
        "node": ">=0.10.0"
      }
    },
    "node_modules/chalk": {
      "version": "5.4.1",
      "resolved": "https://registry.npmjs.org/chalk/-/chalk-5.4.1.tgz",
      "integrity": "sha512-zgVZuo2WcZgfUEmsn6eO3kINexW8RAE4maiQ8QNs8CtpPCSyMiYsULR3HQYkm3w8FIA3SberyMJMSldGsW+U3w==",
      "license": "MIT",
      "engines": {
        "node": "^12.17.0 || ^14.13 || >=16.0.0"
      },
      "funding": {
        "url": "https://github.com/chalk/chalk?sponsor=1"
      }
    },
    "node_modules/chalk-template": {
      "version": "1.1.0",
      "resolved": "https://registry.npmjs.org/chalk-template/-/chalk-template-1.1.0.tgz",
      "integrity": "sha512-T2VJbcDuZQ0Tb2EWwSotMPJjgpy1/tGee1BTpUNsGZ/qgNjV2t7Mvu+d4600U564nbLesN1x2dPL+xii174Ekg==",
      "license": "MIT",
      "dependencies": {
        "chalk": "^5.2.0"
      },
      "engines": {
        "node": ">=14.16"
      },
      "funding": {
        "url": "https://github.com/chalk/chalk-template?sponsor=1"
      }
    },
    "node_modules/commander": {
      "version": "12.0.0",
      "resolved": "https://registry.npmjs.org/commander/-/commander-12.0.0.tgz",
      "integrity": "sha512-MwVNWlYjDTtOjX5PiD7o5pK0UrFU/OYgcJfjjK4RaHZETNtjJqrZa9Y9ds88+A+f+d5lv+561eZ+yCKoS3gbAA==",
      "license": "MIT",
      "engines": {
        "node": ">=18"
      }
    },
    "node_modules/crc-32": {
      "version": "1.2.2",
      "resolved": "https://registry.npmjs.org/crc-32/-/crc-32-1.2.2.tgz",
      "integrity": "sha512-ROmzCKrTnOwybPcJApAA6WBWij23HVfGVNKqqrZpuyZOHqK2CwHSvpGuyt/UNNvaIjEd8X5IFGp4Mh+Ie1IHJQ==",
      "license": "Apache-2.0",
      "bin": {
        "crc32": "bin/crc32.njs"
      },
      "engines": {
        "node": ">=0.8"
      }
    },
    "node_modules/fs-extra": {
      "version": "11.2.0",
      "resolved": "https://registry.npmjs.org/fs-extra/-/fs-extra-11.2.0.tgz",
      "integrity": "sha512-PmDi3uwK5nFuXh7XDTlVnS17xJS7vW36is2+w3xcv8SVxiB4NyATf4ctkVY5bkSjX0Y4nbvZCq1/EjtEyr9ktw==",
      "license": "MIT",
      "dependencies": {
        "graceful-fs": "^4.2.0",
        "jsonfile": "^6.0.1",
        "universalify": "^2.0.0"
      },
      "engines": {
        "node": ">=14.14"
      }
    },
    "node_modules/graceful-fs": {
      "version": "4.2.11",
      "resolved": "https://registry.npmjs.org/graceful-fs/-/graceful-fs-4.2.11.tgz",
      "integrity": "sha512-RbJ5/jmFcNNCcDV5o9eTnBLJ/HszWV0P73bc+Ff4nS/rJj+YaS6IGyiOL0VoBYX+l1Wrl3k63h/KrH+nhJ0XvQ==",
      "license": "ISC"
    },
    "node_modules/jsonfile": {
      "version": "6.1.0",
      "resolved": "https://registry.npmjs.org/jsonfile/-/jsonfile-6.1.0.tgz",
      "integrity": "sha512-5dgndWOriYSm5cnYaJNhalLNDKOqFwyDB/rr1E9ZsGciGvKPs8R2xYGCacuf3z6K1YKDz182fd+fY3cn3pMqXQ==",
      "license": "MIT",
      "dependencies": {
        "universalify": "^2.0.0"
      },
      "optionalDependencies": {
        "graceful-fs": "^4.1.6"
      }
    },
    "node_modules/kind-of": {
      "version": "5.1.0",
      "resolved": "https://registry.npmjs.org/kind-of/-/kind-of-5.1.0.tgz",
      "integrity": "sha512-NGEErnH6F2vUuXDh+OlbcKW7/wOcfdRHaZ7VWtqCztfHri/++YKmP51OdWeGPuqCOba6kk2OTe5d02VmTB80Pw==",
      "license": "MIT",
      "engines": {
        "node": ">=0.10.0"
      }
    },
    "node_modules/lodash": {
      "version": "4.17.21",
      "resolved": "https://registry.npmjs.org/lodash/-/lodash-4.17.21.tgz",
      "integrity": "sha512-v2kDEe57lecTulaDIuNTPy3Ry4gLGJ6Z1O3vE1krgXZNrsQ+LFTGHVxVjcXPs17LhbZVGedAJv8XZ1tvj5FvSg=="
    },
    "node_modules/longest": {
      "version": "2.0.1",
      "resolved": "https://registry.npmjs.org/longest/-/longest-2.0.1.tgz",
      "integrity": "sha512-Ajzxb8CM6WAnFjgiloPsI3bF+WCxcvhdIG3KNA2KN962+tdBsHcuQ4k4qX/EcS/2CRkcc0iAkR956Nib6aXU/Q==",
      "license": "MIT",
      "engines": {
        "node": ">=0.10.0"
      }
    },
    "node_modules/repeat-string": {
      "version": "1.6.1",
      "resolved": "https://registry.npmjs.org/repeat-string/-/repeat-string-1.6.1.tgz",
      "integrity": "sha512-PV0dzCYDNfRi1jCDbJzpW7jNNDRuCOG/jI5ctQcGKt/clZD+YcPS3yIlWuTJMmESC8aevCFmWJy5wjAFgNqN6w==",
      "license": "MIT",
      "engines": {
        "node": ">=0.10"
      }
    },
    "node_modules/universalify": {
      "version": "2.0.1",
      "resolved": "https://registry.npmjs.org/universalify/-/universalify-2.0.1.tgz",
      "integrity": "sha512-gptHNQghINnc/vTGIk0SOFGFNXw7JVrlRUtConJRlvaw6DuX0wO5Jeko9sWrMBhh+PsYAZ7oXAiOnf/UKogyiw==",
      "license": "MIT",
      "engines": {
        "node": ">= 10.0.0"
      }
    }
  }
}
